
Microsoft Visual Studio Solution File, Format Version 12.00
# Visual Studio Version 17
VisualStudioVersion = 17.3.32922.545
MinimumVisualStudioVersion = 10.0.40219.1
Project("{FAE04EC0-301F-11D3-BF4B-00C04F79EFBC}") = "XeCurrencyApp", "XeApp\XeCurrencyApp.csproj", "{47C31DFF-9BAA-4C6B-B6E3-DE744E63D6AD}"
EndProject
Global
	GlobalSection(SolutionConfigurationPlatforms) = preSolution
		Debug|Any CPU = Debug|Any CPU
		Release|Any CPU = Release|Any CPU
	EndGlobalSection
	GlobalSection(ProjectConfigurationPlatforms) = postSolution
		{47C31DFF-9BAA-4C6B-B6E3-DE744E63D6AD}.Debug|Any CPU.ActiveCfg = Debug|Any CPU
		{47C31DFF-9BAA-4C6B-B6E3-DE744E63D6AD}.Debug|Any CPU.Build.0 = Debug|Any CPU
		{47C31DFF-9BAA-4C6B-B6E3-DE744E63D6AD}.Release|Any CPU.ActiveCfg = Release|Any CPU
		{47C31DFF-9BAA-4C6B-B6E3-DE744E63D6AD}.Release|Any CPU.Build.0 = Release|Any CPU
	EndGlobalSection
	GlobalSection(SolutionProperties) = preSolution
		HideSolutionNode = FALSE
	EndGlobalSection
	GlobalSection(ExtensibilityGlobals) = postSolution
		SolutionGuid = {C5DC2915-57C8-421E-B065-E2FC6A1A1CAD}
	EndGlobalSection
EndGlobal
